
Microsoft Visual Studio Solution File, Format Version 12.00
# Visual Studio 15
VisualStudioVersion = 15.0.26430.14
MinimumVisualStudioVersion = 10.0.40219.1
Project("{2150E333-8FDC-42A3-9474-1A3956D46DE8}") = "Data", "Data", "{B8949E24-5DDA-4055-A2FB-13CE16F1E727}"
EndProject
Project("{2150E333-8FDC-42A3-9474-1A3956D46DE8}") = "Shared", "Shared", "{8C2AD090-00C9-41CB-83FC-2C7CEC5CE881}"
EndProject
Project("{FAE04EC0-301F-11D3-BF4B-00C04F79EFBC}") = "FiiiPay.Entities", "Shared\FiiiPay.Entities\FiiiPay.Entities.csproj", "{68B13FBA-8C45-450C-9EAE-C9FECBCE5B84}"
EndProject
Project("{FAE04EC0-301F-11D3-BF4B-00C04F79EFBC}") = "FiiiPay.Data", "Data\FiiiPay.Data\FiiiPay.Data.csproj", "{C1F9F507-9109-4009-B93C-E5D2D4E7763A}"
EndProject
Project("{FAE04EC0-301F-11D3-BF4B-00C04F79EFBC}") = "FiiiPay.DTO", "Shared\FiiiPay.DTO\FiiiPay.DTO.csproj", "{5AA85181-6E51-4077-A8F2-39B764B707E9}"
EndProject
Project("{FAE04EC0-301F-11D3-BF4B-00C04F79EFBC}") = "FiiiPOS.DTO", "Shared\FiiiPOS.DTO\FiiiPOS.DTO.csproj", "{0C208241-CD8B-4697-A94A-181222E06AA2}"
EndProject
Project("{FAE04EC0-301F-11D3-BF4B-00C04F79EFBC}") = "FiiiPay.Foundation.Entities", "Shared\FiiiPay.Foundation.Entities\FiiiPay.Foundation.Entities.csproj", "{32C340CF-F96A-4678-B3A8-C4A850632159}"
EndProject
Project("{FAE04EC0-301F-11D3-BF4B-00C04F79EFBC}") = "FiiiPay.Foundation.Data", "Data\FiiiPay.Foundation.Data\FiiiPay.Foundation.Data.csproj", "{2355D64F-9036-478C-875A-6B57C8E59705}"
EndProject
Project("{2150E333-8FDC-42A3-9474-1A3956D46DE8}") = "Backgrounds", "Backgrounds", "{F1E08838-7C00-457E-951D-80549C450304}"
EndProject
Project("{FAE04EC0-301F-11D3-BF4B-00C04F79EFBC}") = "FiiiPay.Framework.MQTT", "Shared\FiiiPay.Framework.MQTT\FiiiPay.Framework.MQTT.csproj", "{503511DC-3050-4494-98FC-926B78517ADF}"
EndProject
Project("{FAE04EC0-301F-11D3-BF4B-00C04F79EFBC}") = "FiiiPay.MallPayment", "Backgrounds\FiiiPay.MallPayment\FiiiPay.MallPayment.csproj", "{68215ABF-5053-476B-BA00-B69A9BAE4001}"
EndProject
Project("{FAE04EC0-301F-11D3-BF4B-00C04F79EFBC}") = "FiiiPay.MessageWorkerService", "Backgrounds\FiiiPay.MessageWorkerService\FiiiPay.MessageWorkerService.csproj", "{63174591-2A38-4873-B71C-0CE7FFE202B5}"
EndProject
Project("{FAE04EC0-301F-11D3-BF4B-00C04F79EFBC}") = "FiiiPos.InviteReward", "Backgrounds\FiiiPos.InviteReward\FiiiPos.InviteReward.csproj", "{47B03931-A98B-41C2-ABD5-21914ECD7C14}"
EndProject
Project("{FAE04EC0-301F-11D3-BF4B-00C04F79EFBC}") = "FiiiPos.MessageWorkerService", "Backgrounds\FiiiPos.MessageWorkerService\FiiiPos.MessageWorkerService.csproj", "{D66A4B74-14CD-44E7-A8D7-0697B82D340B}"
EndProject
Project("{FAE04EC0-301F-11D3-BF4B-00C04F79EFBC}") = "FiiiPos.InviteReward.ComplementData", "Backgrounds\FiiiPos.InviteReward.ComplementData\FiiiPos.InviteReward.ComplementData.csproj", "{F5B276B2-DBEC-4982-9AD5-4E628775134C}"
EndProject
Project("{FAE04EC0-301F-11D3-BF4B-00C04F79EFBC}") = "FiiiPay.MiningConfirmService", "Backgrounds\FiiiPay.MiningConfirmService\FiiiPay.MiningConfirmService.csproj", "{C3178FE5-55D6-42FD-9CCB-0192846C5736}"
EndProject
Global
	GlobalSection(SolutionConfigurationPlatforms) = preSolution
		Debug|Any CPU = Debug|Any CPU
		Product|Any CPU = Product|Any CPU
		Release|Any CPU = Release|Any CPU
	EndGlobalSection
	GlobalSection(ProjectConfigurationPlatforms) = postSolution
		{68B13FBA-8C45-450C-9EAE-C9FECBCE5B84}.Debug|Any CPU.ActiveCfg = Debug|Any CPU
		{68B13FBA-8C45-450C-9EAE-C9FECBCE5B84}.Debug|Any CPU.Build.0 = Debug|Any CPU
		{68B13FBA-8C45-450C-9EAE-C9FECBCE5B84}.Product|Any CPU.ActiveCfg = Product|Any CPU
		{68B13FBA-8C45-450C-9EAE-C9FECBCE5B84}.Product|Any CPU.Build.0 = Product|Any CPU
		{68B13FBA-8C45-450C-9EAE-C9FECBCE5B84}.Release|Any CPU.ActiveCfg = Release|Any CPU
		{68B13FBA-8C45-450C-9EAE-C9FECBCE5B84}.Release|Any CPU.Build.0 = Release|Any CPU
		{C1F9F507-9109-4009-B93C-E5D2D4E7763A}.Debug|Any CPU.ActiveCfg = Debug|Any CPU
		{C1F9F507-9109-4009-B93C-E5D2D4E7763A}.Debug|Any CPU.Build.0 = Debug|Any CPU
		{C1F9F507-9109-4009-B93C-E5D2D4E7763A}.Product|Any CPU.ActiveCfg = Release|Any CPU
		{C1F9F507-9109-4009-B93C-E5D2D4E7763A}.Product|Any CPU.Build.0 = Release|Any CPU
		{C1F9F507-9109-4009-B93C-E5D2D4E7763A}.Release|Any CPU.ActiveCfg = Release|Any CPU
		{C1F9F507-9109-4009-B93C-E5D2D4E7763A}.Release|Any CPU.Build.0 = Release|Any CPU
		{5AA85181-6E51-4077-A8F2-39B764B707E9}.Debug|Any CPU.ActiveCfg = Debug|Any CPU
		{5AA85181-6E51-4077-A8F2-39B764B707E9}.Debug|Any CPU.Build.0 = Debug|Any CPU
		{5AA85181-6E51-4077-A8F2-39B764B707E9}.Product|Any CPU.ActiveCfg = Product|Any CPU
		{5AA85181-6E51-4077-A8F2-39B764B707E9}.Product|Any CPU.Build.0 = Product|Any CPU
		{5AA85181-6E51-4077-A8F2-39B764B707E9}.Release|Any CPU.ActiveCfg = Release|Any CPU
		{5AA85181-6E51-4077-A8F2-39B764B707E9}.Release|Any CPU.Build.0 = Release|Any CPU
		{0C208241-CD8B-4697-A94A-181222E06AA2}.Debug|Any CPU.ActiveCfg = Debug|Any CPU
		{0C208241-CD8B-4697-A94A-181222E06AA2}.Debug|Any CPU.Build.0 = Debug|Any CPU
		{0C208241-CD8B-4697-A94A-181222E06AA2}.Product|Any CPU.ActiveCfg = Product|Any CPU
		{0C208241-CD8B-4697-A94A-181222E06AA2}.Product|Any CPU.Build.0 = Product|Any CPU
		{0C208241-CD8B-4697-A94A-181222E06AA2}.Release|Any CPU.ActiveCfg = Release|Any CPU
		{0C208241-CD8B-4697-A94A-181222E06AA2}.Release|Any CPU.Build.0 = Release|Any CPU
		{32C340CF-F96A-4678-B3A8-C4A850632159}.Debug|Any CPU.ActiveCfg = Debug|Any CPU
		{32C340CF-F96A-4678-B3A8-C4A850632159}.Debug|Any CPU.Build.0 = Debug|Any CPU
		{32C340CF-F96A-4678-B3A8-C4A850632159}.Product|Any CPU.ActiveCfg = Product|Any CPU
		{32C340CF-F96A-4678-B3A8-C4A850632159}.Product|Any CPU.Build.0 = Product|Any CPU
		{32C340CF-F96A-4678-B3A8-C4A850632159}.Release|Any CPU.ActiveCfg = Release|Any CPU
		{32C340CF-F96A-4678-B3A8-C4A850632159}.Release|Any CPU.Build.0 = Release|Any CPU
		{2355D64F-9036-478C-875A-6B57C8E59705}.Debug|Any CPU.ActiveCfg = Debug|Any CPU
		{2355D64F-9036-478C-875A-6B57C8E59705}.Debug|Any CPU.Build.0 = Debug|Any CPU
		{2355D64F-9036-478C-875A-6B57C8E59705}.Product|Any CPU.ActiveCfg = Product|Any CPU
		{2355D64F-9036-478C-875A-6B57C8E59705}.Product|Any CPU.Build.0 = Product|Any CPU
		{2355D64F-9036-478C-875A-6B57C8E59705}.Release|Any CPU.ActiveCfg = Release|Any CPU
		{2355D64F-9036-478C-875A-6B57C8E59705}.Release|Any CPU.Build.0 = Release|Any CPU
		{503511DC-3050-4494-98FC-926B78517ADF}.Debug|Any CPU.ActiveCfg = Debug|Any CPU
		{503511DC-3050-4494-98FC-926B78517ADF}.Debug|Any CPU.Build.0 = Debug|Any CPU
		{503511DC-3050-4494-98FC-926B78517ADF}.Product|Any CPU.ActiveCfg = Release|Any CPU
		{503511DC-3050-4494-98FC-926B78517ADF}.Product|Any CPU.Build.0 = Release|Any CPU
		{503511DC-3050-4494-98FC-926B78517ADF}.Release|Any CPU.ActiveCfg = Release|Any CPU
		{503511DC-3050-4494-98FC-926B78517ADF}.Release|Any CPU.Build.0 = Release|Any CPU
		{68215ABF-5053-476B-BA00-B69A9BAE4001}.Debug|Any CPU.ActiveCfg = Debug|Any CPU
		{68215ABF-5053-476B-BA00-B69A9BAE4001}.Debug|Any CPU.Build.0 = Debug|Any CPU
		{68215ABF-5053-476B-BA00-B69A9BAE4001}.Product|Any CPU.ActiveCfg = Release|Any CPU
		{68215ABF-5053-476B-BA00-B69A9BAE4001}.Product|Any CPU.Build.0 = Release|Any CPU
		{68215ABF-5053-476B-BA00-B69A9BAE4001}.Release|Any CPU.ActiveCfg = Release|Any CPU
		{68215ABF-5053-476B-BA00-B69A9BAE4001}.Release|Any CPU.Build.0 = Release|Any CPU
		{63174591-2A38-4873-B71C-0CE7FFE202B5}.Debug|Any CPU.ActiveCfg = Debug|Any CPU
		{63174591-2A38-4873-B71C-0CE7FFE202B5}.Debug|Any CPU.Build.0 = Debug|Any CPU
		{63174591-2A38-4873-B71C-0CE7FFE202B5}.Product|Any CPU.ActiveCfg = Release|Any CPU
		{63174591-2A38-4873-B71C-0CE7FFE202B5}.Product|Any CPU.Build.0 = Release|Any CPU
		{63174591-2A38-4873-B71C-0CE7FFE202B5}.Release|Any CPU.ActiveCfg = Release|Any CPU
		{63174591-2A38-4873-B71C-0CE7FFE202B5}.Release|Any CPU.Build.0 = Release|Any CPU
		{47B03931-A98B-41C2-ABD5-21914ECD7C14}.Debug|Any CPU.ActiveCfg = Debug|Any CPU
		{47B03931-A98B-41C2-ABD5-21914ECD7C14}.Debug|Any CPU.Build.0 = Debug|Any CPU
		{47B03931-A98B-41C2-ABD5-21914ECD7C14}.Product|Any CPU.ActiveCfg = Release|Any CPU
		{47B03931-A98B-41C2-ABD5-21914ECD7C14}.Product|Any CPU.Build.0 = Release|Any CPU
		{47B03931-A98B-41C2-ABD5-21914ECD7C14}.Release|Any CPU.ActiveCfg = Release|Any CPU
		{47B03931-A98B-41C2-ABD5-21914ECD7C14}.Release|Any CPU.Build.0 = Release|Any CPU
		{D66A4B74-14CD-44E7-A8D7-0697B82D340B}.Debug|Any CPU.ActiveCfg = Debug|Any CPU
		{D66A4B74-14CD-44E7-A8D7-0697B82D340B}.Debug|Any CPU.Build.0 = Debug|Any CPU
		{D66A4B74-14CD-44E7-A8D7-0697B82D340B}.Product|Any CPU.ActiveCfg = Release|Any CPU
		{D66A4B74-14CD-44E7-A8D7-0697B82D340B}.Product|Any CPU.Build.0 = Release|Any CPU
		{D66A4B74-14CD-44E7-A8D7-0697B82D340B}.Release|Any CPU.ActiveCfg = Release|Any CPU
		{D66A4B74-14CD-44E7-A8D7-0697B82D340B}.Release|Any CPU.Build.0 = Release|Any CPU
		{F5B276B2-DBEC-4982-9AD5-4E628775134C}.Debug|Any CPU.ActiveCfg = Debug|Any CPU
		{F5B276B2-DBEC-4982-9AD5-4E628775134C}.Debug|Any CPU.Build.0 = Debug|Any CPU
		{F5B276B2-DBEC-4982-9AD5-4E628775134C}.Product|Any CPU.ActiveCfg = Release|Any CPU
		{F5B276B2-DBEC-4982-9AD5-4E628775134C}.Product|Any CPU.Build.0 = Release|Any CPU
		{F5B276B2-DBEC-4982-9AD5-4E628775134C}.Release|Any CPU.ActiveCfg = Release|Any CPU
		{F5B276B2-DBEC-4982-9AD5-4E628775134C}.Release|Any CPU.Build.0 = Release|Any CPU
		{C3178FE5-55D6-42FD-9CCB-0192846C5736}.Debug|Any CPU.ActiveCfg = Debug|Any CPU
		{C3178FE5-55D6-42FD-9CCB-0192846C5736}.Debug|Any CPU.Build.0 = Debug|Any CPU
		{C3178FE5-55D6-42FD-9CCB-0192846C5736}.Product|Any CPU.ActiveCfg = Release|Any CPU
		{C3178FE5-55D6-42FD-9CCB-0192846C5736}.Product|Any CPU.Build.0 = Release|Any CPU
		{C3178FE5-55D6-42FD-9CCB-0192846C5736}.Release|Any CPU.ActiveCfg = Release|Any CPU
		{C3178FE5-55D6-42FD-9CCB-0192846C5736}.Release|Any CPU.Build.0 = Release|Any CPU
	EndGlobalSection
	GlobalSection(SolutionProperties) = preSolution
		HideSolutionNode = FALSE
	EndGlobalSection
	GlobalSection(NestedProjects) = preSolution
		{68B13FBA-8C45-450C-9EAE-C9FECBCE5B84} = {8C2AD090-00C9-41CB-83FC-2C7CEC5CE881}
		{C1F9F507-9109-4009-B93C-E5D2D4E7763A} = {B8949E24-5DDA-4055-A2FB-13CE16F1E727}
		{5AA85181-6E51-4077-A8F2-39B764B707E9} = {8C2AD090-00C9-41CB-83FC-2C7CEC5CE881}
		{0C208241-CD8B-4697-A94A-181222E06AA2} = {8C2AD090-00C9-41CB-83FC-2C7CEC5CE881}
		{32C340CF-F96A-4678-B3A8-C4A850632159} = {8C2AD090-00C9-41CB-83FC-2C7CEC5CE881}
		{2355D64F-9036-478C-875A-6B57C8E59705} = {B8949E24-5DDA-4055-A2FB-13CE16F1E727}
		{503511DC-3050-4494-98FC-926B78517ADF} = {8C2AD090-00C9-41CB-83FC-2C7CEC5CE881}
		{68215ABF-5053-476B-BA00-B69A9BAE4001} = {F1E08838-7C00-457E-951D-80549C450304}
		{63174591-2A38-4873-B71C-0CE7FFE202B5} = {F1E08838-7C00-457E-951D-80549C450304}
		{47B03931-A98B-41C2-ABD5-21914ECD7C14} = {F1E08838-7C00-457E-951D-80549C450304}
		{D66A4B74-14CD-44E7-A8D7-0697B82D340B} = {F1E08838-7C00-457E-951D-80549C450304}
		{F5B276B2-DBEC-4982-9AD5-4E628775134C} = {F1E08838-7C00-457E-951D-80549C450304}
		{C3178FE5-55D6-42FD-9CCB-0192846C5736} = {F1E08838-7C00-457E-951D-80549C450304}
	EndGlobalSection
	GlobalSection(ExtensibilityGlobals) = postSolution
		SolutionGuid = {0F7B62E1-76C4-453F-AE4A-0F902FDA66E8}
	EndGlobalSection
EndGlobal
