
Microsoft Visual Studio Solution File, Format Version 12.00
# Visual Studio 15
VisualStudioVersion = 15.0.26430.14
MinimumVisualStudioVersion = 10.0.40219.1
Project("{2150E333-8FDC-42A3-9474-1A3956D46DE8}") = "Data", "Data", "{B8949E24-5DDA-4055-A2FB-13CE16F1E727}"
EndProject
Project("{2150E333-8FDC-42A3-9474-1A3956D46DE8}") = "Business", "Business", "{41D733E7-DBA9-47BD-8B33-B9A85EB04CD5}"
EndProject
Project("{2150E333-8FDC-42A3-9474-1A3956D46DE8}") = "Shared", "Shared", "{8C2AD090-00C9-41CB-83FC-2C7CEC5CE881}"
EndProject
Project("{FAE04EC0-301F-11D3-BF4B-00C04F79EFBC}") = "FiiiPay.Entities", "Shared\FiiiPay.Entities\FiiiPay.Entities.csproj", "{68B13FBA-8C45-450C-9EAE-C9FECBCE5B84}"
EndProject
Project("{FAE04EC0-301F-11D3-BF4B-00C04F79EFBC}") = "FiiiPay.Data", "Data\FiiiPay.Data\FiiiPay.Data.csproj", "{C1F9F507-9109-4009-B93C-E5D2D4E7763A}"
EndProject
Project("{FAE04EC0-301F-11D3-BF4B-00C04F79EFBC}") = "FiiiPay.Business", "Business\FiiiPay.Business\FiiiPay.Business.csproj", "{CED4C341-36C6-4002-801E-D75D4A5357C8}"
EndProject
Project("{FAE04EC0-301F-11D3-BF4B-00C04F79EFBC}") = "FiiiPay.DTO", "Shared\FiiiPay.DTO\FiiiPay.DTO.csproj", "{5AA85181-6E51-4077-A8F2-39B764B707E9}"
EndProject
Project("{FAE04EC0-301F-11D3-BF4B-00C04F79EFBC}") = "FiiiPOS.Web.Business", "Business\FiiiPOS.Web.Business\FiiiPOS.Web.Business.csproj", "{9AFFC86D-8395-4CE5-9B24-318C0F8C13AA}"
EndProject
Project("{2150E333-8FDC-42A3-9474-1A3956D46DE8}") = "BackOffice", "BackOffice", "{C553E48A-4E76-4BEF-BF28-A8F2E8E4BB07}"
EndProject
Project("{FAE04EC0-301F-11D3-BF4B-00C04F79EFBC}") = "FiiiPay.BackOffice", "BackOffice\FiiiPay.BackOffice\FiiiPay.BackOffice.csproj", "{32F21C09-5B39-406F-B48C-3AA5AA48B746}"
EndProject
Project("{FAE04EC0-301F-11D3-BF4B-00C04F79EFBC}") = "FiiiPOS.DTO", "Shared\FiiiPOS.DTO\FiiiPOS.DTO.csproj", "{0C208241-CD8B-4697-A94A-181222E06AA2}"
EndProject
Project("{FAE04EC0-301F-11D3-BF4B-00C04F79EFBC}") = "FiiiPay.Foundation.Business", "Business\FiiiPay.Foundation.Business\FiiiPay.Foundation.Business.csproj", "{A5FDB5B0-AD1B-4663-BAAE-CF51C452F134}"
EndProject
Project("{FAE04EC0-301F-11D3-BF4B-00C04F79EFBC}") = "FiiiPay.Foundation.Entities", "Shared\FiiiPay.Foundation.Entities\FiiiPay.Foundation.Entities.csproj", "{32C340CF-F96A-4678-B3A8-C4A850632159}"
EndProject
Project("{FAE04EC0-301F-11D3-BF4B-00C04F79EFBC}") = "FiiiPay.Foundation.Data", "Data\FiiiPay.Foundation.Data\FiiiPay.Foundation.Data.csproj", "{2355D64F-9036-478C-875A-6B57C8E59705}"
EndProject
Project("{FAE04EC0-301F-11D3-BF4B-00C04F79EFBC}") = "FiiiPay.Framework.Component", "Business\FiiiPay.Framework.Component\FiiiPay.Framework.Component.csproj", "{ADE6FD04-164F-473B-B2D3-68A9D659BE04}"
EndProject
Project("{FAE04EC0-301F-11D3-BF4B-00C04F79EFBC}") = "FiiiPOS.Data.Agents", "Data\FiiiPOS.Data.Agents\FiiiPOS.Data.Agents.csproj", "{D7F56D4E-5041-4D31-8B83-8DC21059A99D}"
EndProject
Global
	GlobalSection(SolutionConfigurationPlatforms) = preSolution
		Debug|Any CPU = Debug|Any CPU
		Product|Any CPU = Product|Any CPU
		Release|Any CPU = Release|Any CPU
	EndGlobalSection
	GlobalSection(ProjectConfigurationPlatforms) = postSolution
		{68B13FBA-8C45-450C-9EAE-C9FECBCE5B84}.Debug|Any CPU.ActiveCfg = Debug|Any CPU
		{68B13FBA-8C45-450C-9EAE-C9FECBCE5B84}.Debug|Any CPU.Build.0 = Debug|Any CPU
		{68B13FBA-8C45-450C-9EAE-C9FECBCE5B84}.Product|Any CPU.ActiveCfg = Product|Any CPU
		{68B13FBA-8C45-450C-9EAE-C9FECBCE5B84}.Product|Any CPU.Build.0 = Product|Any CPU
		{68B13FBA-8C45-450C-9EAE-C9FECBCE5B84}.Release|Any CPU.ActiveCfg = Release|Any CPU
		{68B13FBA-8C45-450C-9EAE-C9FECBCE5B84}.Release|Any CPU.Build.0 = Release|Any CPU
		{C1F9F507-9109-4009-B93C-E5D2D4E7763A}.Debug|Any CPU.ActiveCfg = Debug|Any CPU
		{C1F9F507-9109-4009-B93C-E5D2D4E7763A}.Debug|Any CPU.Build.0 = Debug|Any CPU
		{C1F9F507-9109-4009-B93C-E5D2D4E7763A}.Product|Any CPU.ActiveCfg = Release|Any CPU
		{C1F9F507-9109-4009-B93C-E5D2D4E7763A}.Product|Any CPU.Build.0 = Release|Any CPU
		{C1F9F507-9109-4009-B93C-E5D2D4E7763A}.Release|Any CPU.ActiveCfg = Release|Any CPU
		{C1F9F507-9109-4009-B93C-E5D2D4E7763A}.Release|Any CPU.Build.0 = Release|Any CPU
		{CED4C341-36C6-4002-801E-D75D4A5357C8}.Debug|Any CPU.ActiveCfg = Debug|Any CPU
		{CED4C341-36C6-4002-801E-D75D4A5357C8}.Debug|Any CPU.Build.0 = Debug|Any CPU
		{CED4C341-36C6-4002-801E-D75D4A5357C8}.Product|Any CPU.ActiveCfg = Product|Any CPU
		{CED4C341-36C6-4002-801E-D75D4A5357C8}.Product|Any CPU.Build.0 = Product|Any CPU
		{CED4C341-36C6-4002-801E-D75D4A5357C8}.Release|Any CPU.ActiveCfg = Release|Any CPU
		{CED4C341-36C6-4002-801E-D75D4A5357C8}.Release|Any CPU.Build.0 = Release|Any CPU
		{5AA85181-6E51-4077-A8F2-39B764B707E9}.Debug|Any CPU.ActiveCfg = Debug|Any CPU
		{5AA85181-6E51-4077-A8F2-39B764B707E9}.Debug|Any CPU.Build.0 = Debug|Any CPU
		{5AA85181-6E51-4077-A8F2-39B764B707E9}.Product|Any CPU.ActiveCfg = Product|Any CPU
		{5AA85181-6E51-4077-A8F2-39B764B707E9}.Product|Any CPU.Build.0 = Product|Any CPU
		{5AA85181-6E51-4077-A8F2-39B764B707E9}.Release|Any CPU.ActiveCfg = Release|Any CPU
		{5AA85181-6E51-4077-A8F2-39B764B707E9}.Release|Any CPU.Build.0 = Release|Any CPU
		{9AFFC86D-8395-4CE5-9B24-318C0F8C13AA}.Debug|Any CPU.ActiveCfg = Debug|Any CPU
		{9AFFC86D-8395-4CE5-9B24-318C0F8C13AA}.Debug|Any CPU.Build.0 = Debug|Any CPU
		{9AFFC86D-8395-4CE5-9B24-318C0F8C13AA}.Product|Any CPU.ActiveCfg = Product|Any CPU
		{9AFFC86D-8395-4CE5-9B24-318C0F8C13AA}.Product|Any CPU.Build.0 = Product|Any CPU
		{9AFFC86D-8395-4CE5-9B24-318C0F8C13AA}.Release|Any CPU.ActiveCfg = Release|Any CPU
		{9AFFC86D-8395-4CE5-9B24-318C0F8C13AA}.Release|Any CPU.Build.0 = Release|Any CPU
		{32F21C09-5B39-406F-B48C-3AA5AA48B746}.Debug|Any CPU.ActiveCfg = Debug|Any CPU
		{32F21C09-5B39-406F-B48C-3AA5AA48B746}.Debug|Any CPU.Build.0 = Debug|Any CPU
		{32F21C09-5B39-406F-B48C-3AA5AA48B746}.Product|Any CPU.ActiveCfg = Product|Any CPU
		{32F21C09-5B39-406F-B48C-3AA5AA48B746}.Product|Any CPU.Build.0 = Product|Any CPU
		{32F21C09-5B39-406F-B48C-3AA5AA48B746}.Release|Any CPU.ActiveCfg = Release|Any CPU
		{32F21C09-5B39-406F-B48C-3AA5AA48B746}.Release|Any CPU.Build.0 = Release|Any CPU
		{0C208241-CD8B-4697-A94A-181222E06AA2}.Debug|Any CPU.ActiveCfg = Debug|Any CPU
		{0C208241-CD8B-4697-A94A-181222E06AA2}.Debug|Any CPU.Build.0 = Debug|Any CPU
		{0C208241-CD8B-4697-A94A-181222E06AA2}.Product|Any CPU.ActiveCfg = Product|Any CPU
		{0C208241-CD8B-4697-A94A-181222E06AA2}.Product|Any CPU.Build.0 = Product|Any CPU
		{0C208241-CD8B-4697-A94A-181222E06AA2}.Release|Any CPU.ActiveCfg = Release|Any CPU
		{0C208241-CD8B-4697-A94A-181222E06AA2}.Release|Any CPU.Build.0 = Release|Any CPU
		{A5FDB5B0-AD1B-4663-BAAE-CF51C452F134}.Debug|Any CPU.ActiveCfg = Debug|Any CPU
		{A5FDB5B0-AD1B-4663-BAAE-CF51C452F134}.Debug|Any CPU.Build.0 = Debug|Any CPU
		{A5FDB5B0-AD1B-4663-BAAE-CF51C452F134}.Product|Any CPU.ActiveCfg = Product|Any CPU
		{A5FDB5B0-AD1B-4663-BAAE-CF51C452F134}.Product|Any CPU.Build.0 = Product|Any CPU
		{A5FDB5B0-AD1B-4663-BAAE-CF51C452F134}.Release|Any CPU.ActiveCfg = Release|Any CPU
		{A5FDB5B0-AD1B-4663-BAAE-CF51C452F134}.Release|Any CPU.Build.0 = Release|Any CPU
		{32C340CF-F96A-4678-B3A8-C4A850632159}.Debug|Any CPU.ActiveCfg = Debug|Any CPU
		{32C340CF-F96A-4678-B3A8-C4A850632159}.Debug|Any CPU.Build.0 = Debug|Any CPU
		{32C340CF-F96A-4678-B3A8-C4A850632159}.Product|Any CPU.ActiveCfg = Product|Any CPU
		{32C340CF-F96A-4678-B3A8-C4A850632159}.Product|Any CPU.Build.0 = Product|Any CPU
		{32C340CF-F96A-4678-B3A8-C4A850632159}.Release|Any CPU.ActiveCfg = Release|Any CPU
		{32C340CF-F96A-4678-B3A8-C4A850632159}.Release|Any CPU.Build.0 = Release|Any CPU
		{2355D64F-9036-478C-875A-6B57C8E59705}.Debug|Any CPU.ActiveCfg = Debug|Any CPU
		{2355D64F-9036-478C-875A-6B57C8E59705}.Debug|Any CPU.Build.0 = Debug|Any CPU
		{2355D64F-9036-478C-875A-6B57C8E59705}.Product|Any CPU.ActiveCfg = Product|Any CPU
		{2355D64F-9036-478C-875A-6B57C8E59705}.Product|Any CPU.Build.0 = Product|Any CPU
		{2355D64F-9036-478C-875A-6B57C8E59705}.Release|Any CPU.ActiveCfg = Release|Any CPU
		{2355D64F-9036-478C-875A-6B57C8E59705}.Release|Any CPU.Build.0 = Release|Any CPU
		{ADE6FD04-164F-473B-B2D3-68A9D659BE04}.Debug|Any CPU.ActiveCfg = Debug|Any CPU
		{ADE6FD04-164F-473B-B2D3-68A9D659BE04}.Debug|Any CPU.Build.0 = Debug|Any CPU
		{ADE6FD04-164F-473B-B2D3-68A9D659BE04}.Product|Any CPU.ActiveCfg = Product|Any CPU
		{ADE6FD04-164F-473B-B2D3-68A9D659BE04}.Product|Any CPU.Build.0 = Product|Any CPU
		{ADE6FD04-164F-473B-B2D3-68A9D659BE04}.Release|Any CPU.ActiveCfg = Release|Any CPU
		{ADE6FD04-164F-473B-B2D3-68A9D659BE04}.Release|Any CPU.Build.0 = Release|Any CPU
		{D7F56D4E-5041-4D31-8B83-8DC21059A99D}.Debug|Any CPU.ActiveCfg = Debug|Any CPU
		{D7F56D4E-5041-4D31-8B83-8DC21059A99D}.Debug|Any CPU.Build.0 = Debug|Any CPU
		{D7F56D4E-5041-4D31-8B83-8DC21059A99D}.Product|Any CPU.ActiveCfg = Release|Any CPU
		{D7F56D4E-5041-4D31-8B83-8DC21059A99D}.Product|Any CPU.Build.0 = Release|Any CPU
		{D7F56D4E-5041-4D31-8B83-8DC21059A99D}.Release|Any CPU.ActiveCfg = Release|Any CPU
		{D7F56D4E-5041-4D31-8B83-8DC21059A99D}.Release|Any CPU.Build.0 = Release|Any CPU
	EndGlobalSection
	GlobalSection(SolutionProperties) = preSolution
		HideSolutionNode = FALSE
	EndGlobalSection
	GlobalSection(NestedProjects) = preSolution
		{68B13FBA-8C45-450C-9EAE-C9FECBCE5B84} = {8C2AD090-00C9-41CB-83FC-2C7CEC5CE881}
		{C1F9F507-9109-4009-B93C-E5D2D4E7763A} = {B8949E24-5DDA-4055-A2FB-13CE16F1E727}
		{CED4C341-36C6-4002-801E-D75D4A5357C8} = {41D733E7-DBA9-47BD-8B33-B9A85EB04CD5}
		{5AA85181-6E51-4077-A8F2-39B764B707E9} = {8C2AD090-00C9-41CB-83FC-2C7CEC5CE881}
		{9AFFC86D-8395-4CE5-9B24-318C0F8C13AA} = {41D733E7-DBA9-47BD-8B33-B9A85EB04CD5}
		{32F21C09-5B39-406F-B48C-3AA5AA48B746} = {C553E48A-4E76-4BEF-BF28-A8F2E8E4BB07}
		{0C208241-CD8B-4697-A94A-181222E06AA2} = {8C2AD090-00C9-41CB-83FC-2C7CEC5CE881}
		{A5FDB5B0-AD1B-4663-BAAE-CF51C452F134} = {41D733E7-DBA9-47BD-8B33-B9A85EB04CD5}
		{32C340CF-F96A-4678-B3A8-C4A850632159} = {8C2AD090-00C9-41CB-83FC-2C7CEC5CE881}
		{2355D64F-9036-478C-875A-6B57C8E59705} = {B8949E24-5DDA-4055-A2FB-13CE16F1E727}
		{ADE6FD04-164F-473B-B2D3-68A9D659BE04} = {41D733E7-DBA9-47BD-8B33-B9A85EB04CD5}
		{D7F56D4E-5041-4D31-8B83-8DC21059A99D} = {B8949E24-5DDA-4055-A2FB-13CE16F1E727}
	EndGlobalSection
	GlobalSection(ExtensibilityGlobals) = postSolution
		SolutionGuid = {0F7B62E1-76C4-453F-AE4A-0F902FDA66E8}
	EndGlobalSection
EndGlobal
