
Microsoft Visual Studio Solution File, Format Version 12.00
# Visual Studio Version 16
VisualStudioVersion = 16.0.28803.352
MinimumVisualStudioVersion = 10.0.40219.1
Project("{2150E333-8FDC-42A3-9474-1A3956D46DE8}") = "Data", "Data", "{B8949E24-5DDA-4055-A2FB-13CE16F1E727}"
EndProject
Project("{2150E333-8FDC-42A3-9474-1A3956D46DE8}") = "Services", "Services", "{5B01E56E-D7AD-4FED-8FCE-80D30DD6E2E3}"
EndProject
Project("{2150E333-8FDC-42A3-9474-1A3956D46DE8}") = "Business", "Business", "{41D733E7-DBA9-47BD-8B33-B9A85EB04CD5}"
EndProject
Project("{2150E333-8FDC-42A3-9474-1A3956D46DE8}") = "Shared", "Shared", "{8C2AD090-00C9-41CB-83FC-2C7CEC5CE881}"
EndProject
Project("{FAE04EC0-301F-11D3-BF4B-00C04F79EFBC}") = "FiiiPay.Entities", "Shared\FiiiPay.Entities\FiiiPay.Entities.csproj", "{68B13FBA-8C45-450C-9EAE-C9FECBCE5B84}"
EndProject
Project("{FAE04EC0-301F-11D3-BF4B-00C04F79EFBC}") = "FiiiPay.Business", "Business\FiiiPay.Business\FiiiPay.Business.csproj", "{CED4C341-36C6-4002-801E-D75D4A5357C8}"
EndProject
Project("{FAE04EC0-301F-11D3-BF4B-00C04F79EFBC}") = "FiiiPay.DTO", "Shared\FiiiPay.DTO\FiiiPay.DTO.csproj", "{5AA85181-6E51-4077-A8F2-39B764B707E9}"
EndProject
Project("{FAE04EC0-301F-11D3-BF4B-00C04F79EFBC}") = "FiiiPay.API", "Services\FiiiPay.API\FiiiPay.API.csproj", "{8ECBBFE3-4307-4593-9DEB-78B4F993B89E}"
EndProject
Project("{FAE04EC0-301F-11D3-BF4B-00C04F79EFBC}") = "FiiiPay.Foundation.Business", "Business\FiiiPay.Foundation.Business\FiiiPay.Foundation.Business.csproj", "{A5FDB5B0-AD1B-4663-BAAE-CF51C452F134}"
EndProject
Project("{FAE04EC0-301F-11D3-BF4B-00C04F79EFBC}") = "FiiiPay.Foundation.Entities", "Shared\FiiiPay.Foundation.Entities\FiiiPay.Foundation.Entities.csproj", "{32C340CF-F96A-4678-B3A8-C4A850632159}"
EndProject
Project("{FAE04EC0-301F-11D3-BF4B-00C04F79EFBC}") = "FiiiPay.Foundation.Data", "Data\FiiiPay.Foundation.Data\FiiiPay.Foundation.Data.csproj", "{2355D64F-9036-478C-875A-6B57C8E59705}"
EndProject
Project("{FAE04EC0-301F-11D3-BF4B-00C04F79EFBC}") = "FiiiPay.Framework.Component", "Business\FiiiPay.Framework.Component\FiiiPay.Framework.Component.csproj", "{ADE6FD04-164F-473B-B2D3-68A9D659BE04}"
EndProject
Project("{2150E333-8FDC-42A3-9474-1A3956D46DE8}") = "Database", "Database", "{33E0DCFA-9ED2-4493-AF84-8CBD74D09E31}"
EndProject
Project("{00D1A9C2-B5F0-4AF3-8072-F6C62B433612}") = "FiiiPay.Database", "Database\FiiiPay.Database\FiiiPay.Database.sqlproj", "{6DA4AEE9-7A47-42FB-80EB-157A444EB3A0}"
EndProject
Project("{00D1A9C2-B5F0-4AF3-8072-F6C62B433612}") = "FiiiPay.BackOffice.Database", "Database\FiiiPay.BackOffice.Database\FiiiPay.BackOffice.Database.sqlproj", "{61F314B0-68E9-4406-92B2-268A1C2D46A2}"
EndProject
Project("{00D1A9C2-B5F0-4AF3-8072-F6C62B433612}") = "FiiiPay.Region.Database", "Database\FiiiPay.Region.Database\FiiiPay.Region.Database.sqlproj", "{587A60AA-D0AF-45DE-B2A0-55894AAC160C}"
EndProject
Project("{00D1A9C2-B5F0-4AF3-8072-F6C62B433612}") = "FiiiPay.Foundation", "Database\FiiiPay.Foundation\FiiiPay.Foundation.sqlproj", "{13CFB142-D668-404B-97B5-C42E4AE973FC}"
EndProject
Project("{FAE04EC0-301F-11D3-BF4B-00C04F79EFBC}") = "FiiiPay.Data", "Data\FiiiPay.Data\FiiiPay.Data.csproj", "{C1F9F507-9109-4009-B93C-E5D2D4E7763A}"
EndProject
Project("{FAE04EC0-301F-11D3-BF4B-00C04F79EFBC}") = "FiiiPay.Wallet.API", "Services\FiiiPay.Wallet.API\FiiiPay.Wallet.API.csproj", "{E5119EF0-57D1-4791-8081-33E78ABE4C64}"
EndProject
Project("{FAE04EC0-301F-11D3-BF4B-00C04F79EFBC}") = "FiiiPay.Foundation.API", "Services\FiiiPay.Foundation.API\FiiiPay.Foundation.API.csproj", "{63CCF54C-9AD0-4C28-AD7D-351A39A9A2DF}"
EndProject
Project("{FAE04EC0-301F-11D3-BF4B-00C04F79EFBC}") = "FiiiPay.Wallet.Business", "Business\FiiiPay.Wallet.Business\FiiiPay.Wallet.Business.csproj", "{FEF61320-E9DD-46D9-BABC-C431EB878779}"
EndProject
Project("{FAE04EC0-301F-11D3-BF4B-00C04F79EFBC}") = "FiiiPay.ShopPayment.API", "Services\FiiiPay.ShopPayment.API\FiiiPay.ShopPayment.API.csproj", "{0198C332-07E6-4540-B706-C90498D7ECAF}"
EndProject
Project("{2150E333-8FDC-42A3-9474-1A3956D46DE8}") = "Tests", "Tests", "{01D09493-AF64-47C8-B13A-55E5A204E26D}"
EndProject
Project("{FAE04EC0-301F-11D3-BF4B-00C04F79EFBC}") = "FiiiPay.Test", "Tests\FiiiPay.Test\FiiiPay.Test.csproj", "{20C34FC4-877B-4973-B6BD-4BE57EB235C0}"
EndProject
Global
	GlobalSection(SolutionConfigurationPlatforms) = preSolution
		Debug|Any CPU = Debug|Any CPU
		Product|Any CPU = Product|Any CPU
		Release|Any CPU = Release|Any CPU
	EndGlobalSection
	GlobalSection(ProjectConfigurationPlatforms) = postSolution
		{68B13FBA-8C45-450C-9EAE-C9FECBCE5B84}.Debug|Any CPU.ActiveCfg = Debug|Any CPU
		{68B13FBA-8C45-450C-9EAE-C9FECBCE5B84}.Debug|Any CPU.Build.0 = Debug|Any CPU
		{68B13FBA-8C45-450C-9EAE-C9FECBCE5B84}.Product|Any CPU.ActiveCfg = Product|Any CPU
		{68B13FBA-8C45-450C-9EAE-C9FECBCE5B84}.Product|Any CPU.Build.0 = Product|Any CPU
		{68B13FBA-8C45-450C-9EAE-C9FECBCE5B84}.Release|Any CPU.ActiveCfg = Release|Any CPU
		{68B13FBA-8C45-450C-9EAE-C9FECBCE5B84}.Release|Any CPU.Build.0 = Release|Any CPU
		{CED4C341-36C6-4002-801E-D75D4A5357C8}.Debug|Any CPU.ActiveCfg = Debug|Any CPU
		{CED4C341-36C6-4002-801E-D75D4A5357C8}.Debug|Any CPU.Build.0 = Debug|Any CPU
		{CED4C341-36C6-4002-801E-D75D4A5357C8}.Product|Any CPU.ActiveCfg = Product|Any CPU
		{CED4C341-36C6-4002-801E-D75D4A5357C8}.Product|Any CPU.Build.0 = Product|Any CPU
		{CED4C341-36C6-4002-801E-D75D4A5357C8}.Release|Any CPU.ActiveCfg = Release|Any CPU
		{CED4C341-36C6-4002-801E-D75D4A5357C8}.Release|Any CPU.Build.0 = Release|Any CPU
		{5AA85181-6E51-4077-A8F2-39B764B707E9}.Debug|Any CPU.ActiveCfg = Debug|Any CPU
		{5AA85181-6E51-4077-A8F2-39B764B707E9}.Debug|Any CPU.Build.0 = Debug|Any CPU
		{5AA85181-6E51-4077-A8F2-39B764B707E9}.Product|Any CPU.ActiveCfg = Product|Any CPU
		{5AA85181-6E51-4077-A8F2-39B764B707E9}.Product|Any CPU.Build.0 = Product|Any CPU
		{5AA85181-6E51-4077-A8F2-39B764B707E9}.Release|Any CPU.ActiveCfg = Release|Any CPU
		{5AA85181-6E51-4077-A8F2-39B764B707E9}.Release|Any CPU.Build.0 = Release|Any CPU
		{8ECBBFE3-4307-4593-9DEB-78B4F993B89E}.Debug|Any CPU.ActiveCfg = Debug|Any CPU
		{8ECBBFE3-4307-4593-9DEB-78B4F993B89E}.Debug|Any CPU.Build.0 = Debug|Any CPU
		{8ECBBFE3-4307-4593-9DEB-78B4F993B89E}.Product|Any CPU.ActiveCfg = Product|Any CPU
		{8ECBBFE3-4307-4593-9DEB-78B4F993B89E}.Product|Any CPU.Build.0 = Product|Any CPU
		{8ECBBFE3-4307-4593-9DEB-78B4F993B89E}.Release|Any CPU.ActiveCfg = Release|Any CPU
		{8ECBBFE3-4307-4593-9DEB-78B4F993B89E}.Release|Any CPU.Build.0 = Release|Any CPU
		{A5FDB5B0-AD1B-4663-BAAE-CF51C452F134}.Debug|Any CPU.ActiveCfg = Debug|Any CPU
		{A5FDB5B0-AD1B-4663-BAAE-CF51C452F134}.Debug|Any CPU.Build.0 = Debug|Any CPU
		{A5FDB5B0-AD1B-4663-BAAE-CF51C452F134}.Product|Any CPU.ActiveCfg = Product|Any CPU
		{A5FDB5B0-AD1B-4663-BAAE-CF51C452F134}.Product|Any CPU.Build.0 = Product|Any CPU
		{A5FDB5B0-AD1B-4663-BAAE-CF51C452F134}.Release|Any CPU.ActiveCfg = Release|Any CPU
		{A5FDB5B0-AD1B-4663-BAAE-CF51C452F134}.Release|Any CPU.Build.0 = Release|Any CPU
		{32C340CF-F96A-4678-B3A8-C4A850632159}.Debug|Any CPU.ActiveCfg = Debug|Any CPU
		{32C340CF-F96A-4678-B3A8-C4A850632159}.Debug|Any CPU.Build.0 = Debug|Any CPU
		{32C340CF-F96A-4678-B3A8-C4A850632159}.Product|Any CPU.ActiveCfg = Product|Any CPU
		{32C340CF-F96A-4678-B3A8-C4A850632159}.Product|Any CPU.Build.0 = Product|Any CPU
		{32C340CF-F96A-4678-B3A8-C4A850632159}.Release|Any CPU.ActiveCfg = Release|Any CPU
		{32C340CF-F96A-4678-B3A8-C4A850632159}.Release|Any CPU.Build.0 = Release|Any CPU
		{2355D64F-9036-478C-875A-6B57C8E59705}.Debug|Any CPU.ActiveCfg = Debug|Any CPU
		{2355D64F-9036-478C-875A-6B57C8E59705}.Debug|Any CPU.Build.0 = Debug|Any CPU
		{2355D64F-9036-478C-875A-6B57C8E59705}.Product|Any CPU.ActiveCfg = Product|Any CPU
		{2355D64F-9036-478C-875A-6B57C8E59705}.Product|Any CPU.Build.0 = Product|Any CPU
		{2355D64F-9036-478C-875A-6B57C8E59705}.Release|Any CPU.ActiveCfg = Release|Any CPU
		{2355D64F-9036-478C-875A-6B57C8E59705}.Release|Any CPU.Build.0 = Release|Any CPU
		{ADE6FD04-164F-473B-B2D3-68A9D659BE04}.Debug|Any CPU.ActiveCfg = Debug|Any CPU
		{ADE6FD04-164F-473B-B2D3-68A9D659BE04}.Debug|Any CPU.Build.0 = Debug|Any CPU
		{ADE6FD04-164F-473B-B2D3-68A9D659BE04}.Product|Any CPU.ActiveCfg = Product|Any CPU
		{ADE6FD04-164F-473B-B2D3-68A9D659BE04}.Product|Any CPU.Build.0 = Product|Any CPU
		{ADE6FD04-164F-473B-B2D3-68A9D659BE04}.Release|Any CPU.ActiveCfg = Release|Any CPU
		{ADE6FD04-164F-473B-B2D3-68A9D659BE04}.Release|Any CPU.Build.0 = Release|Any CPU
		{6DA4AEE9-7A47-42FB-80EB-157A444EB3A0}.Debug|Any CPU.ActiveCfg = Debug|Any CPU
		{6DA4AEE9-7A47-42FB-80EB-157A444EB3A0}.Debug|Any CPU.Build.0 = Debug|Any CPU
		{6DA4AEE9-7A47-42FB-80EB-157A444EB3A0}.Debug|Any CPU.Deploy.0 = Debug|Any CPU
		{6DA4AEE9-7A47-42FB-80EB-157A444EB3A0}.Product|Any CPU.ActiveCfg = Debug|Any CPU
		{6DA4AEE9-7A47-42FB-80EB-157A444EB3A0}.Product|Any CPU.Build.0 = Debug|Any CPU
		{6DA4AEE9-7A47-42FB-80EB-157A444EB3A0}.Product|Any CPU.Deploy.0 = Debug|Any CPU
		{6DA4AEE9-7A47-42FB-80EB-157A444EB3A0}.Release|Any CPU.ActiveCfg = Release|Any CPU
		{6DA4AEE9-7A47-42FB-80EB-157A444EB3A0}.Release|Any CPU.Build.0 = Release|Any CPU
		{6DA4AEE9-7A47-42FB-80EB-157A444EB3A0}.Release|Any CPU.Deploy.0 = Release|Any CPU
		{61F314B0-68E9-4406-92B2-268A1C2D46A2}.Debug|Any CPU.ActiveCfg = Debug|Any CPU
		{61F314B0-68E9-4406-92B2-268A1C2D46A2}.Debug|Any CPU.Build.0 = Debug|Any CPU
		{61F314B0-68E9-4406-92B2-268A1C2D46A2}.Debug|Any CPU.Deploy.0 = Debug|Any CPU
		{61F314B0-68E9-4406-92B2-268A1C2D46A2}.Product|Any CPU.ActiveCfg = Debug|Any CPU
		{61F314B0-68E9-4406-92B2-268A1C2D46A2}.Product|Any CPU.Build.0 = Debug|Any CPU
		{61F314B0-68E9-4406-92B2-268A1C2D46A2}.Product|Any CPU.Deploy.0 = Debug|Any CPU
		{61F314B0-68E9-4406-92B2-268A1C2D46A2}.Release|Any CPU.ActiveCfg = Release|Any CPU
		{61F314B0-68E9-4406-92B2-268A1C2D46A2}.Release|Any CPU.Build.0 = Release|Any CPU
		{61F314B0-68E9-4406-92B2-268A1C2D46A2}.Release|Any CPU.Deploy.0 = Release|Any CPU
		{587A60AA-D0AF-45DE-B2A0-55894AAC160C}.Debug|Any CPU.ActiveCfg = Debug|Any CPU
		{587A60AA-D0AF-45DE-B2A0-55894AAC160C}.Debug|Any CPU.Build.0 = Debug|Any CPU
		{587A60AA-D0AF-45DE-B2A0-55894AAC160C}.Debug|Any CPU.Deploy.0 = Debug|Any CPU
		{587A60AA-D0AF-45DE-B2A0-55894AAC160C}.Product|Any CPU.ActiveCfg = Debug|Any CPU
		{587A60AA-D0AF-45DE-B2A0-55894AAC160C}.Product|Any CPU.Build.0 = Debug|Any CPU
		{587A60AA-D0AF-45DE-B2A0-55894AAC160C}.Product|Any CPU.Deploy.0 = Debug|Any CPU
		{587A60AA-D0AF-45DE-B2A0-55894AAC160C}.Release|Any CPU.ActiveCfg = Release|Any CPU
		{587A60AA-D0AF-45DE-B2A0-55894AAC160C}.Release|Any CPU.Build.0 = Release|Any CPU
		{587A60AA-D0AF-45DE-B2A0-55894AAC160C}.Release|Any CPU.Deploy.0 = Release|Any CPU
		{13CFB142-D668-404B-97B5-C42E4AE973FC}.Debug|Any CPU.ActiveCfg = Debug|Any CPU
		{13CFB142-D668-404B-97B5-C42E4AE973FC}.Debug|Any CPU.Build.0 = Debug|Any CPU
		{13CFB142-D668-404B-97B5-C42E4AE973FC}.Debug|Any CPU.Deploy.0 = Debug|Any CPU
		{13CFB142-D668-404B-97B5-C42E4AE973FC}.Product|Any CPU.ActiveCfg = Debug|Any CPU
		{13CFB142-D668-404B-97B5-C42E4AE973FC}.Product|Any CPU.Build.0 = Debug|Any CPU
		{13CFB142-D668-404B-97B5-C42E4AE973FC}.Product|Any CPU.Deploy.0 = Debug|Any CPU
		{13CFB142-D668-404B-97B5-C42E4AE973FC}.Release|Any CPU.ActiveCfg = Release|Any CPU
		{13CFB142-D668-404B-97B5-C42E4AE973FC}.Release|Any CPU.Build.0 = Release|Any CPU
		{13CFB142-D668-404B-97B5-C42E4AE973FC}.Release|Any CPU.Deploy.0 = Release|Any CPU
		{C1F9F507-9109-4009-B93C-E5D2D4E7763A}.Debug|Any CPU.ActiveCfg = Debug|Any CPU
		{C1F9F507-9109-4009-B93C-E5D2D4E7763A}.Debug|Any CPU.Build.0 = Debug|Any CPU
		{C1F9F507-9109-4009-B93C-E5D2D4E7763A}.Product|Any CPU.ActiveCfg = Release|Any CPU
		{C1F9F507-9109-4009-B93C-E5D2D4E7763A}.Product|Any CPU.Build.0 = Release|Any CPU
		{C1F9F507-9109-4009-B93C-E5D2D4E7763A}.Release|Any CPU.ActiveCfg = Release|Any CPU
		{C1F9F507-9109-4009-B93C-E5D2D4E7763A}.Release|Any CPU.Build.0 = Release|Any CPU
		{E5119EF0-57D1-4791-8081-33E78ABE4C64}.Debug|Any CPU.ActiveCfg = Debug|Any CPU
		{E5119EF0-57D1-4791-8081-33E78ABE4C64}.Debug|Any CPU.Build.0 = Debug|Any CPU
		{E5119EF0-57D1-4791-8081-33E78ABE4C64}.Product|Any CPU.ActiveCfg = Product|Any CPU
		{E5119EF0-57D1-4791-8081-33E78ABE4C64}.Product|Any CPU.Build.0 = Product|Any CPU
		{E5119EF0-57D1-4791-8081-33E78ABE4C64}.Release|Any CPU.ActiveCfg = Release|Any CPU
		{E5119EF0-57D1-4791-8081-33E78ABE4C64}.Release|Any CPU.Build.0 = Release|Any CPU
		{63CCF54C-9AD0-4C28-AD7D-351A39A9A2DF}.Debug|Any CPU.ActiveCfg = Debug|Any CPU
		{63CCF54C-9AD0-4C28-AD7D-351A39A9A2DF}.Debug|Any CPU.Build.0 = Debug|Any CPU
		{63CCF54C-9AD0-4C28-AD7D-351A39A9A2DF}.Product|Any CPU.ActiveCfg = Product|Any CPU
		{63CCF54C-9AD0-4C28-AD7D-351A39A9A2DF}.Product|Any CPU.Build.0 = Product|Any CPU
		{63CCF54C-9AD0-4C28-AD7D-351A39A9A2DF}.Release|Any CPU.ActiveCfg = Release|Any CPU
		{63CCF54C-9AD0-4C28-AD7D-351A39A9A2DF}.Release|Any CPU.Build.0 = Release|Any CPU
		{FEF61320-E9DD-46D9-BABC-C431EB878779}.Debug|Any CPU.ActiveCfg = Debug|Any CPU
		{FEF61320-E9DD-46D9-BABC-C431EB878779}.Debug|Any CPU.Build.0 = Debug|Any CPU
		{FEF61320-E9DD-46D9-BABC-C431EB878779}.Product|Any CPU.ActiveCfg = Release|Any CPU
		{FEF61320-E9DD-46D9-BABC-C431EB878779}.Product|Any CPU.Build.0 = Release|Any CPU
		{FEF61320-E9DD-46D9-BABC-C431EB878779}.Release|Any CPU.ActiveCfg = Release|Any CPU
		{FEF61320-E9DD-46D9-BABC-C431EB878779}.Release|Any CPU.Build.0 = Release|Any CPU
		{0198C332-07E6-4540-B706-C90498D7ECAF}.Debug|Any CPU.ActiveCfg = Debug|Any CPU
		{0198C332-07E6-4540-B706-C90498D7ECAF}.Debug|Any CPU.Build.0 = Debug|Any CPU
		{0198C332-07E6-4540-B706-C90498D7ECAF}.Product|Any CPU.ActiveCfg = Product|Any CPU
		{0198C332-07E6-4540-B706-C90498D7ECAF}.Product|Any CPU.Build.0 = Product|Any CPU
		{0198C332-07E6-4540-B706-C90498D7ECAF}.Release|Any CPU.ActiveCfg = Release|Any CPU
		{0198C332-07E6-4540-B706-C90498D7ECAF}.Release|Any CPU.Build.0 = Release|Any CPU
		{20C34FC4-877B-4973-B6BD-4BE57EB235C0}.Debug|Any CPU.ActiveCfg = Debug|Any CPU
		{20C34FC4-877B-4973-B6BD-4BE57EB235C0}.Debug|Any CPU.Build.0 = Debug|Any CPU
		{20C34FC4-877B-4973-B6BD-4BE57EB235C0}.Product|Any CPU.ActiveCfg = Release|Any CPU
		{20C34FC4-877B-4973-B6BD-4BE57EB235C0}.Product|Any CPU.Build.0 = Release|Any CPU
		{20C34FC4-877B-4973-B6BD-4BE57EB235C0}.Release|Any CPU.ActiveCfg = Release|Any CPU
		{20C34FC4-877B-4973-B6BD-4BE57EB235C0}.Release|Any CPU.Build.0 = Release|Any CPU
	EndGlobalSection
	GlobalSection(SolutionProperties) = preSolution
		HideSolutionNode = FALSE
	EndGlobalSection
	GlobalSection(NestedProjects) = preSolution
		{68B13FBA-8C45-450C-9EAE-C9FECBCE5B84} = {8C2AD090-00C9-41CB-83FC-2C7CEC5CE881}
		{CED4C341-36C6-4002-801E-D75D4A5357C8} = {41D733E7-DBA9-47BD-8B33-B9A85EB04CD5}
		{5AA85181-6E51-4077-A8F2-39B764B707E9} = {8C2AD090-00C9-41CB-83FC-2C7CEC5CE881}
		{8ECBBFE3-4307-4593-9DEB-78B4F993B89E} = {5B01E56E-D7AD-4FED-8FCE-80D30DD6E2E3}
		{A5FDB5B0-AD1B-4663-BAAE-CF51C452F134} = {41D733E7-DBA9-47BD-8B33-B9A85EB04CD5}
		{32C340CF-F96A-4678-B3A8-C4A850632159} = {8C2AD090-00C9-41CB-83FC-2C7CEC5CE881}
		{2355D64F-9036-478C-875A-6B57C8E59705} = {B8949E24-5DDA-4055-A2FB-13CE16F1E727}
		{ADE6FD04-164F-473B-B2D3-68A9D659BE04} = {41D733E7-DBA9-47BD-8B33-B9A85EB04CD5}
		{6DA4AEE9-7A47-42FB-80EB-157A444EB3A0} = {33E0DCFA-9ED2-4493-AF84-8CBD74D09E31}
		{61F314B0-68E9-4406-92B2-268A1C2D46A2} = {33E0DCFA-9ED2-4493-AF84-8CBD74D09E31}
		{587A60AA-D0AF-45DE-B2A0-55894AAC160C} = {33E0DCFA-9ED2-4493-AF84-8CBD74D09E31}
		{13CFB142-D668-404B-97B5-C42E4AE973FC} = {33E0DCFA-9ED2-4493-AF84-8CBD74D09E31}
		{C1F9F507-9109-4009-B93C-E5D2D4E7763A} = {B8949E24-5DDA-4055-A2FB-13CE16F1E727}
		{E5119EF0-57D1-4791-8081-33E78ABE4C64} = {5B01E56E-D7AD-4FED-8FCE-80D30DD6E2E3}
		{63CCF54C-9AD0-4C28-AD7D-351A39A9A2DF} = {5B01E56E-D7AD-4FED-8FCE-80D30DD6E2E3}
		{FEF61320-E9DD-46D9-BABC-C431EB878779} = {41D733E7-DBA9-47BD-8B33-B9A85EB04CD5}
		{0198C332-07E6-4540-B706-C90498D7ECAF} = {5B01E56E-D7AD-4FED-8FCE-80D30DD6E2E3}
		{20C34FC4-877B-4973-B6BD-4BE57EB235C0} = {01D09493-AF64-47C8-B13A-55E5A204E26D}
	EndGlobalSection
	GlobalSection(ExtensibilityGlobals) = postSolution
		SolutionGuid = {0F7B62E1-76C4-453F-AE4A-0F902FDA66E8}
	EndGlobalSection
EndGlobal
